
Microsoft Visual Studio Solution File, Format Version 12.00
# Visual Studio 15
VisualStudioVersion = 15.0.28010.2050
MinimumVisualStudioVersion = 10.0.40219.1
Project("{FAE04EC0-301F-11D3-BF4B-00C04F79EFBC}") = "PowerManager", "PowerManager\PowerManager.csproj", "{159682EF-5DEE-475C-8ACD-C91142B5C7A3}"
EndProject
Global
	GlobalSection(SolutionConfigurationPlatforms) = preSolution
		Debug|Any CPU = Debug|Any CPU
		Release|Any CPU = Release|Any CPU
	EndGlobalSection
	GlobalSection(ProjectConfigurationPlatforms) = postSolution
		{159682EF-5DEE-475C-8ACD-C91142B5C7A3}.Debug|Any CPU.ActiveCfg = Debug|Any CPU
		{159682EF-5DEE-475C-8ACD-C91142B5C7A3}.Debug|Any CPU.Build.0 = Debug|Any CPU
		{159682EF-5DEE-475C-8ACD-C91142B5C7A3}.Release|Any CPU.ActiveCfg = Release|Any CPU
		{159682EF-5DEE-475C-8ACD-C91142B5C7A3}.Release|Any CPU.Build.0 = Release|Any CPU
	EndGlobalSection
	GlobalSection(SolutionProperties) = preSolution
		HideSolutionNode = FALSE
	EndGlobalSection
	GlobalSection(ExtensibilityGlobals) = postSolution
		SolutionGuid = {BBFDE3D9-04B4-424C-8818-B16C97B015FB}
	EndGlobalSection
EndGlobal
